
Microsoft Visual Studio Solution File, Format Version 12.00
# Visual Studio Version 17
VisualStudioVersion = 17.5.33516.290
MinimumVisualStudioVersion = 10.0.40219.1
Project("{9A19103F-16F7-4668-BE54-9A1E7A4F7556}") = "BethanysPieShop", "BethanysPieShop.csproj", "{F060D661-5250-47F0-848C-D4354A97C0B2}"
EndProject
Project("{9A19103F-16F7-4668-BE54-9A1E7A4F7556}") = "BethanysPieShopTests", "..\BethanysPieShopTests\BethanysPieShopTests.csproj", "{161ECD13-EE03-4CC3-9B9D-8EACC2861DD9}"
EndProject
Global
	GlobalSection(SolutionConfigurationPlatforms) = preSolution
		Debug|Any CPU = Debug|Any CPU
		Release|Any CPU = Release|Any CPU
	EndGlobalSection
	GlobalSection(ProjectConfigurationPlatforms) = postSolution
		{F060D661-5250-47F0-848C-D4354A97C0B2}.Debug|Any CPU.ActiveCfg = Debug|Any CPU
		{F060D661-5250-47F0-848C-D4354A97C0B2}.Debug|Any CPU.Build.0 = Debug|Any CPU
		{F060D661-5250-47F0-848C-D4354A97C0B2}.Release|Any CPU.ActiveCfg = Release|Any CPU
		{F060D661-5250-47F0-848C-D4354A97C0B2}.Release|Any CPU.Build.0 = Release|Any CPU
		{161ECD13-EE03-4CC3-9B9D-8EACC2861DD9}.Debug|Any CPU.ActiveCfg = Debug|Any CPU
		{161ECD13-EE03-4CC3-9B9D-8EACC2861DD9}.Debug|Any CPU.Build.0 = Debug|Any CPU
		{161ECD13-EE03-4CC3-9B9D-8EACC2861DD9}.Release|Any CPU.ActiveCfg = Release|Any CPU
		{161ECD13-EE03-4CC3-9B9D-8EACC2861DD9}.Release|Any CPU.Build.0 = Release|Any CPU
	EndGlobalSection
	GlobalSection(SolutionProperties) = preSolution
		HideSolutionNode = FALSE
	EndGlobalSection
	GlobalSection(ExtensibilityGlobals) = postSolution
		SolutionGuid = {CB4693AB-BFF1-4AF7-ADEE-BE4AB47718F7}
	EndGlobalSection
EndGlobal
